// !$*UTF8*$!
{
	archiveVersion = 1;
	classes = {
	};
	objectVersion = 46;
	objects = {

/* Begin PBXBuildFile section */
		3434B2461943D47600916716 /* AppDelegate.swift in Sources */ = {isa = PBXBuildFile; fileRef = 3434B2451943D47600916716 /* AppDelegate.swift */; };
		3434B2481943D47600916716 /* ViewController.swift in Sources */ = {isa = PBXBuildFile; fileRef = 3434B2471943D47600916716 /* ViewController.swift */; };
		3434B24B1943D47600916716 /* Main.storyboard in Resources */ = {isa = PBXBuildFile; fileRef = 3434B2491943D47600916716 /* Main.storyboard */; };
		3434B24D1943D47600916716 /* Images.xcassets in Resources */ = {isa = PBXBuildFile; fileRef = 3434B24C1943D47600916716 /* Images.xcassets */; };
		3434B2591943D47700916716 /* TimerApplicationTests.swift in Sources */ = {isa = PBXBuildFile; fileRef = 3434B2581943D47700916716 /* TimerApplicationTests.swift */; };
/* End PBXBuildFile section */

/* Begin PBXContainerItemProxy section */
		3434B2531943D47600916716 /* PBXContainerItemProxy */ = {
			isa = PBXContainerItemProxy;
			containerPortal = 3434B2381943D47600916716 /* Project object */;
			proxyType = 1;
			remoteGlobalIDString = 3434B23F1943D47600916716;
			remoteInfo = TimerApplication;
		};
/* End PBXContainerItemProxy section */

/* Begin PBXFileReference section */
		3434B2401943D47600916716 /* TimerApplication.app */ = {isa = PBXFileReference; explicitFileType = wrapper.application; includeInIndex = 0; path = TimerApplication.app; sourceTree = BUILT_PRODUCTS_DIR; };
		3434B2441943D47600916716 /* Info.plist */ = {isa = PBXFileReference; lastKnownFileType = text.plist.xml; path = Info.plist; sourceTree = "<group>"; };
		3434B2451943D47600916716 /* AppDelegate.swift */ = {isa = PBXFileReference; lastKnownFileType = sourcecode.swift; path = AppDelegate.swift; sourceTree = "<group>"; };
		3434B2471943D47600916716 /* ViewController.swift */ = {isa = PBXFileReference; lastKnownFileType = sourcecode.swift; path = ViewController.swift; sourceTree = "<group>"; };
		3434B24A1943D47600916716 /* Base */ = {isa = PBXFileReference; lastKnownFileType = file.storyboard; name = Base; path = Base.lproj/Main.storyboard; sourceTree = "<group>"; };
		3434B24C1943D47600916716 /* Images.xcassets */ = {isa = PBXFileReference; lastKnownFileType = folder.assetcatalog; path = Images.xcassets; sourceTree = "<group>"; };
		3434B2521943D47600916716 /* TimerApplicationTests.xctest */ = {isa = PBXFileReference; explicitFileType = wrapper.cfbundle; includeInIndex = 0; path = TimerApplicationTests.xctest; sourceTree = BUILT_PRODUCTS_DIR; };
		3434B2571943D47600916716 /* Info.plist */ = {isa = PBXFileReference; lastKnownFileType = text.plist.xml; path = Info.plist; sourceTree = "<group>"; };
		3434B2581943D47700916716 /* TimerApplicationTests.swift */ = {isa = PBXFileReference; lastKnownFileType = sourcecode.swift; path = TimerApplicationTests.swift; sourceTree = "<group>"; };
/* End PBXFileReference section */

/* Begin PBXFrameworksBuildPhase section */
		3434B23D1943D47600916716 /* Frameworks */ = {
			isa = PBXFrameworksBuildPhase;
			buildActionMask = 2147483647;
			files = (
			);
			runOnlyForDeploymentPostprocessing = 0;
		};
		3434B24F1943D47600916716 /* Frameworks */ = {
			isa = PBXFrameworksBuildPhase;
			buildActionMask = 2147483647;
			files = (
			);
			runOnlyForDeploymentPostprocessing = 0;
		};
/* End PBXFrameworksBuildPhase section */

/* Begin PBXGroup section */
		3434B2371943D47600916716 = {
			isa = PBXGroup;
			children = (
				3434B2421943D47600916716 /* TimerApplication */,
				3434B2551943D47600916716 /* TimerApplicationTests */,
				3434B2411943D47600916716 /* Products */,
			);
			sourceTree = "<group>";
		};
		3434B2411943D47600916716 /* Products */ = {
			isa = PBXGroup;
			children = (
				3434B2401943D47600916716 /* TimerApplication.app */,
				3434B2521943D47600916716 /* TimerApplicationTests.xctest */,
			);
			name = Products;
			sourceTree = "<group>";
		};
		3434B2421943D47600916716 /* TimerApplication */ = {
			isa = PBXGroup;
			children = (
				3434B2451943D47600916716 /* AppDelegate.swift */,
				3434B2471943D47600916716 /* ViewController.swift */,
				3434B2491943D47600916716 /* Main.storyboard */,
				3434B24C1943D47600916716 /* Images.xcassets */,
				3434B2431943D47600916716 /* Supporting Files */,
			);
			path = TimerApplication;
			sourceTree = "<group>";
		};
		3434B2431943D47600916716 /* Supporting Files */ = {
			isa = PBXGroup;
			children = (
				3434B2441943D47600916716 /* Info.plist */,
			);
			name = "Supporting Files";
			sourceTree = "<group>";
		};
		3434B2551943D47600916716 /* TimerApplicationTests */ = {
			isa = PBXGroup;
			children = (
				3434B2581943D47700916716 /* TimerApplicationTests.swift */,
				3434B2561943D47600916716 /* Supporting Files */,
			);
			path = TimerApplicationTests;
			sourceTree = "<group>";
		};
		3434B2561943D47600916716 /* Supporting Files */ = {
			isa = PBXGroup;
			children = (
				3434B2571943D47600916716 /* Info.plist */,
			);
			name = "Supporting Files";
			sourceTree = "<group>";
		};
/* End PBXGroup section */

/* Begin PBXNativeTarget section */
		3434B23F1943D47600916716 /* TimerApplication */ = {
			isa = PBXNativeTarget;
			buildConfigurationList = 3434B25C1943D47700916716 /* Build configuration list for PBXNativeTarget "TimerApplication" */;
			buildPhases = (
				3434B23C1943D47600916716 /* Sources */,
				3434B23D1943D47600916716 /* Frameworks */,
				3434B23E1943D47600916716 /* Resources */,
			);
			buildRules = (
			);
			dependencies = (
			);
			name = TimerApplication;
			productName = TimerApplication;
			productReference = 3434B2401943D47600916716 /* TimerApplication.app */;
			productType = "com.apple.product-type.application";
		};
		3434B2511943D47600916716 /* TimerApplicationTests */ = {
			isa = PBXNativeTarget;
			buildConfigurationList = 3434B25F1943D47700916716 /* Build configuration list for PBXNativeTarget "TimerApplicationTests" */;
			buildPhases = (
				3434B24E1943D47600916716 /* Sources */,
				3434B24F1943D47600916716 /* Frameworks */,
				3434B2501943D47600916716 /* Resources */,
			);
			buildRules = (
			);
			dependencies = (
				3434B2541943D47600916716 /* PBXTargetDependency */,
			);
			name = TimerApplicationTests;
			productName = TimerApplicationTests;
			productReference = 3434B2521943D47600916716 /* TimerApplicationTests.xctest */;
			productType = "com.apple.product-type.bundle.unit-test";
		};
/* End PBXNativeTarget section */

/* Begin PBXProject section */
		3434B2381943D47600916716 /* Project object */ = {
			isa = PBXProject;
			attributes = {
				LastUpgradeCheck = 0600;
				ORGANIZATIONNAME = aug2uag;
				TargetAttributes = {
					3434B23F1943D47600916716 = {
						CreatedOnToolsVersion = 6.0;
					};
					3434B2511943D47600916716 = {
						CreatedOnToolsVersion = 6.0;
						TestTargetID = 3434B23F1943D47600916716;
					};
				};
			};
			buildConfigurationList = 3434B23B1943D47600916716 /* Build configuration list for PBXProject "TimerApplication" */;
			compatibilityVersion = "Xcode 3.2";
			developmentRegion = English;
			hasScannedForEncodings = 0;
			knownRegions = (
				en,
				Base,
			);
			mainGroup = 3434B2371943D47600916716;
			productRefGroup = 3434B2411943D47600916716 /* Products */;
			projectDirPath = "";
			projectRoot = "";
			targets = (
				3434B23F1943D47600916716 /* TimerApplication */,
				3434B2511943D47600916716 /* TimerApplicationTests */,
			);
		};
/* End PBXProject section */

/* Begin PBXResourcesBuildPhase section */
		3434B23E1943D47600916716 /* Resources */ = {
			isa = PBXResourcesBuildPhase;
			buildActionMask = 2147483647;
			files = (
				3434B24B1943D47600916716 /* Main.storyboard in Resources */,
				3434B24D1943D47600916716 /* Images.xcassets in Resources */,
			);
			runOnlyForDeploymentPostprocessing = 0;
		};
		3434B2501943D47600916716 /* Resources */ = {
			isa = PBXResourcesBuildPhase;
			buildActionMask = 2147483647;
			files = (
			);
			runOnlyForDeploymentPostprocessing = 0;
		};
/* End PBXResourcesBuildPhase section */

/* Begin PBXSourcesBuildPhase section */
		3434B23C1943D47600916716 /* Sources */ = {
			isa = PBXSourcesBuildPhase;
			buildActionMask = 2147483647;
			files = (
				3434B2481943D47600916716 /* ViewController.swift in Sources */,
				3434B2461943D47600916716 /* AppDelegate.swift in Sources */,
			);
			runOnlyForDeploymentPostprocessing = 0;
		};
		3434B24E1943D47600916716 /* Sources */ = {
			isa = PBXSourcesBuildPhase;
			buildActionMask = 2147483647;
			files = (
				3434B2591943D47700916716 /* TimerApplicationTests.swift in Sources */,
			);
			runOnlyForDeploymentPostprocessing = 0;
		};
/* End PBXSourcesBuildPhase section */

/* Begin PBXTargetDependency section */
		3434B2541943D47600916716 /* PBXTargetDependency */ = {
			isa = PBXTargetDependency;
			target = 3434B23F1943D47600916716 /* TimerApplication */;
			targetProxy = 3434B2531943D47600916716 /* PBXContainerItemProxy */;
		};
/* End PBXTargetDependency section */

/* Begin PBXVariantGroup section */
		3434B2491943D47600916716 /* Main.storyboard */ = {
			isa = PBXVariantGroup;
			children = (
				3434B24A1943D47600916716 /* Base */,
			);
			name = Main.storyboard;
			sourceTree = "<group>";
		};
/* End PBXVariantGroup section */

/* Begin XCBuildConfiguration section */
		3434B25A1943D47700916716 /* Debug */ = {
			isa = XCBuildConfiguration;
			buildSettings = {
				ALWAYS_SEARCH_USER_PATHS = NO;
				CLANG_CXX_LANGUAGE_STANDARD = "gnu++0x";
				CLANG_CXX_LIBRARY = "libc++";
				CLANG_ENABLE_MODULES = YES;
				CLANG_ENABLE_OBJC_ARC = YES;
				CLANG_WARN_BOOL_CONVERSION = YES;
				CLANG_WARN_CONSTANT_CONVERSION = YES;
				CLANG_WARN_DIRECT_OBJC_ISA_USAGE = YES_ERROR;
				CLANG_WARN_EMPTY_BODY = YES;
				CLANG_WARN_ENUM_CONVERSION = YES;
				CLANG_WARN_INT_CONVERSION = YES;
				CLANG_WARN_OBJC_ROOT_CLASS = YES_ERROR;
				CLANG_WARN_UNREACHABLE_CODE = YES;
				CLANG_WARN__DUPLICATE_METHOD_MATCH = YES;
				"CODE_SIGN_IDENTITY[sdk=iphoneos*]" = "iPhone Developer";
				COPY_PHASE_STRIP = NO;
				ENABLE_STRICT_OBJC_MSGSEND = YES;
				GCC_C_LANGUAGE_STANDARD = gnu99;
				GCC_DYNAMIC_NO_PIC = NO;
				GCC_OPTIMIZATION_LEVEL = 0;
				GCC_PREPROCESSOR_DEFINITIONS = (
					"DEBUG=1",
					"$(inherited)",
				);
				GCC_SYMBOLS_PRIVATE_EXTERN = NO;
				GCC_WARN_64_TO_32_BIT_CONVERSION = YES;
				GCC_WARN_ABOUT_RETURN_TYPE = YES_ERROR;
				GCC_WARN_UNDECLARED_SELECTOR = YES;
				GCC_WARN_UNINITIALIZED_AUTOS = YES_AGGRESSIVE;
				GCC_WARN_UNUSED_FUNCTION = YES;
				GCC_WARN_UNUSED_VARIABLE = YES;
				IPHONEOS_DEPLOYMENT_TARGET = 8.0;
				METAL_ENABLE_DEBUG_INFO = YES;
				ONLY_ACTIVE_ARCH = YES;
				SDKROOT = iphoneos;
				SWIFT_OPTIMIZATION_LEVEL = "-Onone";
			};
			name = Debug;
		};
		3434B25B1943D47700916716 /* Release */ = {
			isa = XCBuildConfiguration;
			buildSettings = {
				ALWAYS_SEARCH_USER_PATHS = NO;
				CLANG_CXX_LANGUAGE_STANDARD = "gnu++0x";
				CLANG_CXX_LIBRARY = "libc++";
				CLANG_ENABLE_MODULES = YES;
				CLANG_ENABLE_OBJC_ARC = YES;
				CLANG_WARN_BOOL_CONVERSION = YES;
				CLANG_WARN_CONSTANT_CONVERSION = YES;
				CLANG_WARN_DIRECT_OBJC_ISA_USAGE = YES_ERROR;
				CLANG_WARN_EMPTY_BODY = YES;
				CLANG_WARN_ENUM_CONVERSION = YES;
				CLANG_WARN_INT_CONVERSION = YES;
				CLANG_WARN_OBJC_ROOT_CLASS = YES_ERROR;
				CLANG_WARN_UNREACHABLE_CODE = YES;
				CLANG_WARN__DUPLICATE_METHOD_MATCH = YES;
				"CODE_SIGN_IDENTITY[sdk=iphoneos*]" = "iPhone Developer";
				COPY_PHASE_STRIP = YES;
				ENABLE_NS_ASSERTIONS = NO;
				ENABLE_STRICT_OBJC_MSGSEND = YES;
				GCC_C_LANGUAGE_STANDARD = gnu99;
				GCC_WARN_64_TO_32_BIT_CONVERSION = YES;
				GCC_WARN_ABOUT_RETURN_TYPE = YES_ERROR;
				GCC_WARN_UNDECLARED_SELECTOR = YES;
				GCC_WARN_UNINITIALIZED_AUTOS = YES_AGGRESSIVE;
				GCC_WARN_UNUSED_FUNCTION = YES;
				GCC_WARN_UNUSED_VARIABLE = YES;
				IPHONEOS_DEPLOYMENT_TARGET = 8.0;
				METAL_ENABLE_DEBUG_INFO = NO;
				SDKROOT = iphoneos;
				VALIDATE_PRODUCT = YES;
			};
			name = Release;
		};
		3434B25D1943D47700916716 /* Debug */ = {
			isa = XCBuildConfiguration;
			buildSettings = {
				ASSETCATALOG_COMPILER_APPICON_NAME = AppIcon;
				ASSETCATALOG_COMPILER_LAUNCHIMAGE_NAME = LaunchImage;
				INFOPLIST_FILE = TimerApplication/Info.plist;
				LD_RUNPATH_SEARCH_PATHS = "$(inherited) @executable_path/Frameworks";
				PRODUCT_NAME = "$(TARGET_NAME)";
			};
			name = Debug;
		};
		3434B25E1943D47700916716 /* Release */ = {
			isa = XCBuildConfiguration;
			buildSettings = {
				ASSETCATALOG_COMPILER_APPICON_NAME = AppIcon;
				ASSETCATALOG_COMPILER_LAUNCHIMAGE_NAME = LaunchImage;
				INFOPLIST_FILE = TimerApplication/Info.plist;
				LD_RUNPATH_SEARCH_PATHS = "$(inherited) @executable_path/Frameworks";
				PRODUCT_NAME = "$(TARGET_NAME)";
			};
			name = Release;
		};
		3434B2601943D47700916716 /* Debug */ = {
			isa = XCBuildConfiguration;
			buildSettings = {
				BUNDLE_LOADER = "$(BUILT_PRODUCTS_DIR)/TimerApplication.app/TimerApplication";
				FRAMEWORK_SEARCH_PATHS = (
					"$(SDKROOT)/Developer/Library/Frameworks",
					"$(inherited)",
				);
				GCC_PREPROCESSOR_DEFINITIONS = (
					"DEBUG=1",
					"$(inherited)",
				);
				INFOPLIST_FILE = TimerApplicationTests/Info.plist;
				LD_RUNPATH_SEARCH_PATHS = "$(inherited) @executable_path/Frameworks @loader_path/Frameworks";
				METAL_ENABLE_DEBUG_INFO = YES;
				PRODUCT_NAME = "$(TARGET_NAME)";
				TEST_HOST = "$(BUNDLE_LOADER)";
			};
			name = Debug;
		};
		3434B2611943D47700916716 /* Release */ = {
			isa = XCBuildConfiguration;
			buildSettings = {
				BUNDLE_LOADER = "$(BUILT_PRODUCTS_DIR)/TimerApplication.app/TimerApplication";
				FRAMEWORK_SEARCH_PATHS = (
					"$(SDKROOT)/Developer/Library/Frameworks",
					"$(inherited)",
				);
				INFOPLIST_FILE = TimerApplicationTests/Info.plist;
				LD_RUNPATH_SEARCH_PATHS = "$(inherited) @executable_path/Frameworks @loader_path/Frameworks";
				METAL_ENABLE_DEBUG_INFO = NO;
				PRODUCT_NAME = "$(TARGET_NAME)";
				TEST_HOST = "$(BUNDLE_LOADER)";
			};
			name = Release;
		};
/* End XCBuildConfiguration section */

/* Begin XCConfigurationList section */
		3434B23B1943D47600916716 /* Build configuration list for PBXProject "TimerApplication" */ = {
			isa = XCConfigurationList;
			buildConfigurations = (
				3434B25A1943D47700916716 /* Debug */,
				3434B25B1943D47700916716 /* Release */,
			);
			defaultConfigurationIsVisible = 0;
			defaultConfigurationName = Release;
		};
		3434B25C1943D47700916716 /* Build configuration list for PBXNativeTarget "TimerApplication" */ = {
			isa = XCConfigurationList;
			buildConfigurations = (
				3434B25D1943D47700916716 /* Debug */,
				3434B25E1943D47700916716 /* Release */,
			);
			defaultConfigurationIsVisible = 0;
		};
		3434B25F1943D47700916716 /* Build configuration list for PBXNativeTarget "TimerApplicationTests" */ = {
			isa = XCConfigurationList;
			buildConfigurations = (
				3434B2601943D47700916716 /* Debug */,
				3434B2611943D47700916716 /* Release */,
			);
			defaultConfigurationIsVisible = 0;
		};
/* End XCConfigurationList section */
	};
	rootObject = 3434B2381943D47600916716 /* Project object */;
}
